// !$*UTF8*$!
{
	archiveVersion = 1;
	classes = {
	};
	objectVersion = 56;
	objects = {

/* Begin PBXBuildFile section */
		48DA9DF32A0F6DFD00C9AE4A /* AppDelegate.swift in Sources */ = {isa = PBXBuildFile; fileRef = 48DA9DF22A0F6DFD00C9AE4A /* AppDelegate.swift */; };
		48DA9DF52A0F6DFD00C9AE4A /* SceneDelegate.swift in Sources */ = {isa = PBXBuildFile; fileRef = 48DA9DF42A0F6DFD00C9AE4A /* SceneDelegate.swift */; };
		48DA9DF72A0F6DFD00C9AE4A /* ViewController.swift in Sources */ = {isa = PBXBuildFile; fileRef = 48DA9DF62A0F6DFD00C9AE4A /* ViewController.swift */; };
		48DA9DFA2A0F6DFD00C9AE4A /* Main.storyboard in Resources */ = {isa = PBXBuildFile; fileRef = 48DA9DF82A0F6DFD00C9AE4A /* Main.storyboard */; };
		48DA9DFC2A0F6DFF00C9AE4A /* Assets.xcassets in Resources */ = {isa = PBXBuildFile; fileRef = 48DA9DFB2A0F6DFF00C9AE4A /* Assets.xcassets */; };
		48DA9DFF2A0F6DFF00C9AE4A /* LaunchScreen.storyboard in Resources */ = {isa = PBXBuildFile; fileRef = 48DA9DFD2A0F6DFF00C9AE4A /* LaunchScreen.storyboard */; };
		48DA9E0A2A0F724300C9AE4A /* loading.json in Resources */ = {isa = PBXBuildFile; fileRef = 48DA9E092A0F724300C9AE4A /* loading.json */; };
		C3AA2F3B0479EC600B0DF9E7 /* Pods_5th.framework in Frameworks */ = {isa = PBXBuildFile; fileRef = 752C9180E744BFA1DAFCC77B /* Pods_5th.framework */; };
/* End PBXBuildFile section */

/* Begin PBXFileReference section */
		161689DAFD6075AA6F238E2B /* Pods-5th.release.xcconfig */ = {isa = PBXFileReference; includeInIndex = 1; lastKnownFileType = text.xcconfig; name = "Pods-5th.release.xcconfig"; path = "Target Support Files/Pods-5th/Pods-5th.release.xcconfig"; sourceTree = "<group>"; };
		48DA9DEF2A0F6DFD00C9AE4A /* 5th.app */ = {isa = PBXFileReference; explicitFileType = wrapper.application; includeInIndex = 0; path = 5th.app; sourceTree = BUILT_PRODUCTS_DIR; };
		48DA9DF22A0F6DFD00C9AE4A /* AppDelegate.swift */ = {isa = PBXFileReference; lastKnownFileType = sourcecode.swift; path = AppDelegate.swift; sourceTree = "<group>"; };
		48DA9DF42A0F6DFD00C9AE4A /* SceneDelegate.swift */ = {isa = PBXFileReference; lastKnownFileType = sourcecode.swift; path = SceneDelegate.swift; sourceTree = "<group>"; };
		48DA9DF62A0F6DFD00C9AE4A /* ViewController.swift */ = {isa = PBXFileReference; lastKnownFileType = sourcecode.swift; path = ViewController.swift; sourceTree = "<group>"; };
		48DA9DF92A0F6DFD00C9AE4A /* Base */ = {isa = PBXFileReference; lastKnownFileType = file.storyboard; name = Base; path = Base.lproj/Main.storyboard; sourceTree = "<group>"; };
		48DA9DFB2A0F6DFF00C9AE4A /* Assets.xcassets */ = {isa = PBXFileReference; lastKnownFileType = folder.assetcatalog; path = Assets.xcassets; sourceTree = "<group>"; };
		48DA9DFE2A0F6DFF00C9AE4A /* Base */ = {isa = PBXFileReference; lastKnownFileType = file.storyboard; name = Base; path = Base.lproj/LaunchScreen.storyboard; sourceTree = "<group>"; };
		48DA9E002A0F6DFF00C9AE4A /* Info.plist */ = {isa = PBXFileReference; lastKnownFileType = text.plist.xml; path = Info.plist; sourceTree = "<group>"; };
		48DA9E092A0F724300C9AE4A /* loading.json */ = {isa = PBXFileReference; fileEncoding = 4; lastKnownFileType = text.json; path = loading.json; sourceTree = "<group>"; };
		752C9180E744BFA1DAFCC77B /* Pods_5th.framework */ = {isa = PBXFileReference; explicitFileType = wrapper.framework; includeInIndex = 0; path = Pods_5th.framework; sourceTree = BUILT_PRODUCTS_DIR; };
		9DEF0F9EAC2F0CDE3C676532 /* Pods-5th.debug.xcconfig */ = {isa = PBXFileReference; includeInIndex = 1; lastKnownFileType = text.xcconfig; name = "Pods-5th.debug.xcconfig"; path = "Target Support Files/Pods-5th/Pods-5th.debug.xcconfig"; sourceTree = "<group>"; };
/* End PBXFileReference section */

/* Begin PBXFrameworksBuildPhase section */
		48DA9DEC2A0F6DFD00C9AE4A /* Frameworks */ = {
			isa = PBXFrameworksBuildPhase;
			buildActionMask = 2147483647;
			files = (
				C3AA2F3B0479EC600B0DF9E7 /* Pods_5th.framework in Frameworks */,
			);
			runOnlyForDeploymentPostprocessing = 0;
		};
/* End PBXFrameworksBuildPhase section */

/* Begin PBXGroup section */
		48DA9DE62A0F6DFD00C9AE4A = {
			isa = PBXGroup;
			children = (
				48DA9DF12A0F6DFD00C9AE4A /* 5th */,
				48DA9DF02A0F6DFD00C9AE4A /* Products */,
				EB098DE511F2C4D1EF82F8B6 /* Pods */,
				D9977A1DC642B606B9D8917D /* Frameworks */,
			);
			sourceTree = "<group>";
		};
		48DA9DF02A0F6DFD00C9AE4A /* Products */ = {
			isa = PBXGroup;
			children = (
				48DA9DEF2A0F6DFD00C9AE4A /* 5th.app */,
			);
			name = Products;
			sourceTree = "<group>";
		};
		48DA9DF12A0F6DFD00C9AE4A /* 5th */ = {
			isa = PBXGroup;
			children = (
				48DA9DF22A0F6DFD00C9AE4A /* AppDelegate.swift */,
				48DA9DF42A0F6DFD00C9AE4A /* SceneDelegate.swift */,
				48DA9DF62A0F6DFD00C9AE4A /* ViewController.swift */,
				48DA9DF82A0F6DFD00C9AE4A /* Main.storyboard */,
				48DA9DFB2A0F6DFF00C9AE4A /* Assets.xcassets */,
				48DA9DFD2A0F6DFF00C9AE4A /* LaunchScreen.storyboard */,
				48DA9E092A0F724300C9AE4A /* loading.json */,
				48DA9E002A0F6DFF00C9AE4A /* Info.plist */,
			);
			path = 5th;
			sourceTree = "<group>";
		};
		D9977A1DC642B606B9D8917D /* Frameworks */ = {
			isa = PBXGroup;
			children = (
				752C9180E744BFA1DAFCC77B /* Pods_5th.framework */,
			);
			name = Frameworks;
			sourceTree = "<group>";
		};
		EB098DE511F2C4D1EF82F8B6 /* Pods */ = {
			isa = PBXGroup;
			children = (
				9DEF0F9EAC2F0CDE3C676532 /* Pods-5th.debug.xcconfig */,
				161689DAFD6075AA6F238E2B /* Pods-5th.release.xcconfig */,
			);
			path = Pods;
			sourceTree = "<group>";
		};
/* End PBXGroup section */

/* Begin PBXNativeTarget section */
		48DA9DEE2A0F6DFD00C9AE4A /* 5th */ = {
			isa = PBXNativeTarget;
			buildConfigurationList = 48DA9E032A0F6DFF00C9AE4A /* Build configuration list for PBXNativeTarget "5th" */;
			buildPhases = (
				AC3272E6CA5295C518D25665 /* [CP] Check Pods Manifest.lock */,
				48DA9DEB2A0F6DFD00C9AE4A /* Sources */,
				48DA9DEC2A0F6DFD00C9AE4A /* Frameworks */,
				48DA9DED2A0F6DFD00C9AE4A /* Resources */,
				E86D876D0D8FF91607A2D605 /* [CP] Embed Pods Frameworks */,
			);
			buildRules = (
			);
			dependencies = (
			);
			name = 5th;
			productName = 5th;
			productReference = 48DA9DEF2A0F6DFD00C9AE4A /* 5th.app */;
			productType = "com.apple.product-type.application";
		};
/* End PBXNativeTarget section */

/* Begin PBXProject section */
		48DA9DE72A0F6DFD00C9AE4A /* Project object */ = {
			isa = PBXProject;
			attributes = {
				BuildIndependentTargetsInParallel = 1;
				LastSwiftUpdateCheck = 1430;
				LastUpgradeCheck = 1430;
				TargetAttributes = {
					48DA9DEE2A0F6DFD00C9AE4A = {
						CreatedOnToolsVersion = 14.3;
					};
				};
			};
			buildConfigurationList = 48DA9DEA2A0F6DFD00C9AE4A /* Build configuration list for PBXProject "5th" */;
			compatibilityVersion = "Xcode 14.0";
			developmentRegion = en;
			hasScannedForEncodings = 0;
			knownRegions = (
				en,
				Base,
			);
			mainGroup = 48DA9DE62A0F6DFD00C9AE4A;
			productRefGroup = 48DA9DF02A0F6DFD00C9AE4A /* Products */;
			projectDirPath = "";
			projectRoot = "";
			targets = (
				48DA9DEE2A0F6DFD00C9AE4A /* 5th */,
			);
		};
/* End PBXProject section */

/* Begin PBXResourcesBuildPhase section */
		48DA9DED2A0F6DFD00C9AE4A /* Resources */ = {
			isa = PBXResourcesBuildPhase;
			buildActionMask = 2147483647;
			files = (
				48DA9DFF2A0F6DFF00C9AE4A /* LaunchScreen.storyboard in Resources */,
				48DA9DFC2A0F6DFF00C9AE4A /* Assets.xcassets in Resources */,
				48DA9E0A2A0F724300C9AE4A /* loading.json in Resources */,
				48DA9DFA2A0F6DFD00C9AE4A /* Main.storyboard in Resources */,
			);
			runOnlyForDeploymentPostprocessing = 0;
		};
/* End PBXResourcesBuildPhase section */

/* Begin PBXShellScriptBuildPhase section */
		AC3272E6CA5295C518D25665 /* [CP] Check Pods Manifest.lock */ = {
			isa = PBXShellScriptBuildPhase;
			buildActionMask = 2147483647;
			files = (
			);
			inputFileListPaths = (
			);
			inputPaths = (
				"${PODS_PODFILE_DIR_PATH}/Podfile.lock",
				"${PODS_ROOT}/Manifest.lock",
			);
			name = "[CP] Check Pods Manifest.lock";
			outputFileListPaths = (
			);
			outputPaths = (
				"$(DERIVED_FILE_DIR)/Pods-5th-checkManifestLockResult.txt",
			);
			runOnlyForDeploymentPostprocessing = 0;
			shellPath = /bin/sh;
			shellScript = "diff \"${PODS_PODFILE_DIR_PATH}/Podfile.lock\" \"${PODS_ROOT}/Manifest.lock\" > /dev/null\nif [ $? != 0 ] ; then\n    # print error to STDERR\n    echo \"error: The sandbox is not in sync with the Podfile.lock. Run 'pod install' or update your CocoaPods installation.\" >&2\n    exit 1\nfi\n# This output is used by Xcode 'outputs' to avoid re-running this script phase.\necho \"SUCCESS\" > \"${SCRIPT_OUTPUT_FILE_0}\"\n";
			showEnvVarsInLog = 0;
		};
		E86D876D0D8FF91607A2D605 /* [CP] Embed Pods Frameworks */ = {
			isa = PBXShellScriptBuildPhase;
			buildActionMask = 2147483647;
			files = (
			);
			inputFileListPaths = (
				"${PODS_ROOT}/Target Support Files/Pods-5th/Pods-5th-frameworks-${CONFIGURATION}-input-files.xcfilelist",
			);
			name = "[CP] Embed Pods Frameworks";
			outputFileListPaths = (
				"${PODS_ROOT}/Target Support Files/Pods-5th/Pods-5th-frameworks-${CONFIGURATION}-output-files.xcfilelist",
			);
			runOnlyForDeploymentPostprocessing = 0;
			shellPath = /bin/sh;
			shellScript = "\"${PODS_ROOT}/Target Support Files/Pods-5th/Pods-5th-frameworks.sh\"\n";
			showEnvVarsInLog = 0;
		};
/* End PBXShellScriptBuildPhase section */

/* Begin PBXSourcesBuildPhase section */
		48DA9DEB2A0F6DFD00C9AE4A /* Sources */ = {
			isa = PBXSourcesBuildPhase;
			buildActionMask = 2147483647;
			files = (
				48DA9DF72A0F6DFD00C9AE4A /* ViewController.swift in Sources */,
				48DA9DF32A0F6DFD00C9AE4A /* AppDelegate.swift in Sources */,
				48DA9DF52A0F6DFD00C9AE4A /* SceneDelegate.swift in Sources */,
			);
			runOnlyForDeploymentPostprocessing = 0;
		};
/* End PBXSourcesBuildPhase section */

/* Begin PBXVariantGroup section */
		48DA9DF82A0F6DFD00C9AE4A /* Main.storyboard */ = {
			isa = PBXVariantGroup;
			children = (
				48DA9DF92A0F6DFD00C9AE4A /* Base */,
			);
			name = Main.storyboard;
			sourceTree = "<group>";
		};
		48DA9DFD2A0F6DFF00C9AE4A /* LaunchScreen.storyboard */ = {
			isa = PBXVariantGroup;
			children = (
				48DA9DFE2A0F6DFF00C9AE4A /* Base */,
			);
			name = LaunchScreen.storyboard;
			sourceTree = "<group>";
		};
/* End PBXVariantGroup section */

/* Begin XCBuildConfiguration section */
		48DA9E012A0F6DFF00C9AE4A /* Debug */ = {
			isa = XCBuildConfiguration;
			buildSettings = {
				ALWAYS_SEARCH_USER_PATHS = NO;
				CLANG_ANALYZER_NONNULL = YES;
				CLANG_ANALYZER_NUMBER_OBJECT_CONVERSION = YES_AGGRESSIVE;
				CLANG_CXX_LANGUAGE_STANDARD = "gnu++20";
				CLANG_ENABLE_MODULES = YES;
				CLANG_ENABLE_OBJC_ARC = YES;
				CLANG_ENABLE_OBJC_WEAK = YES;
				CLANG_WARN_BLOCK_CAPTURE_AUTORELEASING = YES;
				CLANG_WARN_BOOL_CONVERSION = YES;
				CLANG_WARN_COMMA = YES;
				CLANG_WARN_CONSTANT_CONVERSION = YES;
				CLANG_WARN_DEPRECATED_OBJC_IMPLEMENTATIONS = YES;
				CLANG_WARN_DIRECT_OBJC_ISA_USAGE = YES_ERROR;
				CLANG_WARN_DOCUMENTATION_COMMENTS = YES;
				CLANG_WARN_EMPTY_BODY = YES;
				CLANG_WARN_ENUM_CONVERSION = YES;
				CLANG_WARN_INFINITE_RECURSION = YES;
				CLANG_WARN_INT_CONVERSION = YES;
				CLANG_WARN_NON_LITERAL_NULL_CONVERSION = YES;
				CLANG_WARN_OBJC_IMPLICIT_RETAIN_SELF = YES;
				CLANG_WARN_OBJC_LITERAL_CONVERSION = YES;
				CLANG_WARN_OBJC_ROOT_CLASS = YES_ERROR;
				CLANG_WARN_QUOTED_INCLUDE_IN_FRAMEWORK_HEADER = YES;
				CLANG_WARN_RANGE_LOOP_ANALYSIS = YES;
				CLANG_WARN_STRICT_PROTOTYPES = YES;
				CLANG_WARN_SUSPICIOUS_MOVE = YES;
				CLANG_WARN_UNGUARDED_AVAILABILITY = YES_AGGRESSIVE;
				CLANG_WARN_UNREACHABLE_CODE = YES;
				CLANG_WARN__DUPLICATE_METHOD_MATCH = YES;
				COPY_PHASE_STRIP = NO;
				DEBUG_INFORMATION_FORMAT = dwarf;
				ENABLE_STRICT_OBJC_MSGSEND = YES;
				ENABLE_TESTABILITY = YES;
				GCC_C_LANGUAGE_STANDARD = gnu11;
				GCC_DYNAMIC_NO_PIC = NO;
				GCC_NO_COMMON_BLOCKS = YES;
				GCC_OPTIMIZATION_LEVEL = 0;
				GCC_PREPROCESSOR_DEFINITIONS = (
					"DEBUG=1",
					"$(inherited)",
				);
				GCC_WARN_64_TO_32_BIT_CONVERSION = YES;
				GCC_WARN_ABOUT_RETURN_TYPE = YES_ERROR;
				GCC_WARN_UNDECLARED_SELECTOR = YES;
				GCC_WARN_UNINITIALIZED_AUTOS = YES_AGGRESSIVE;
				GCC_WARN_UNUSED_FUNCTION = YES;
				GCC_WARN_UNUSED_VARIABLE = YES;
				IPHONEOS_DEPLOYMENT_TARGET = 16.4;
				MTL_ENABLE_DEBUG_INFO = INCLUDE_SOURCE;
				MTL_FAST_MATH = YES;
				ONLY_ACTIVE_ARCH = YES;
				SDKROOT = iphoneos;
				SWIFT_ACTIVE_COMPILATION_CONDITIONS = DEBUG;
				SWIFT_OPTIMIZATION_LEVEL = "-Onone";
			};
			name = Debug;
		};
		48DA9E022A0F6DFF00C9AE4A /* Release */ = {
			isa = XCBuildConfiguration;
			buildSettings = {
				ALWAYS_SEARCH_USER_PATHS = NO;
				CLANG_ANALYZER_NONNULL = YES;
				CLANG_ANALYZER_NUMBER_OBJECT_CONVERSION = YES_AGGRESSIVE;
				CLANG_CXX_LANGUAGE_STANDARD = "gnu++20";
				CLANG_ENABLE_MODULES = YES;
				CLANG_ENABLE_OBJC_ARC = YES;
				CLANG_ENABLE_OBJC_WEAK = YES;
				CLANG_WARN_BLOCK_CAPTURE_AUTORELEASING = YES;
				CLANG_WARN_BOOL_CONVERSION = YES;
				CLANG_WARN_COMMA = YES;
				CLANG_WARN_CONSTANT_CONVERSION = YES;
				CLANG_WARN_DEPRECATED_OBJC_IMPLEMENTATIONS = YES;
				CLANG_WARN_DIRECT_OBJC_ISA_USAGE = YES_ERROR;
				CLANG_WARN_DOCUMENTATION_COMMENTS = YES;
				CLANG_WARN_EMPTY_BODY = YES;
				CLANG_WARN_ENUM_CONVERSION = YES;
				CLANG_WARN_INFINITE_RECURSION = YES;
				CLANG_WARN_INT_CONVERSION = YES;
				CLANG_WARN_NON_LITERAL_NULL_CONVERSION = YES;
				CLANG_WARN_OBJC_IMPLICIT_RETAIN_SELF = YES;
				CLANG_WARN_OBJC_LITERAL_CONVERSION = YES;
				CLANG_WARN_OBJC_ROOT_CLASS = YES_ERROR;
				CLANG_WARN_QUOTED_INCLUDE_IN_FRAMEWORK_HEADER = YES;
				CLANG_WARN_RANGE_LOOP_ANALYSIS = YES;
				CLANG_WARN_STRICT_PROTOTYPES = YES;
				CLANG_WARN_SUSPICIOUS_MOVE = YES;
				CLANG_WARN_UNGUARDED_AVAILABILITY = YES_AGGRESSIVE;
				CLANG_WARN_UNREACHABLE_CODE = YES;
				CLANG_WARN__DUPLICATE_METHOD_MATCH = YES;
				COPY_PHASE_STRIP = NO;
				DEBUG_INFORMATION_FORMAT = "dwarf-with-dsym";
				ENABLE_NS_ASSERTIONS = NO;
				ENABLE_STRICT_OBJC_MSGSEND = YES;
				GCC_C_LANGUAGE_STANDARD = gnu11;
				GCC_NO_COMMON_BLOCKS = YES;
				GCC_WARN_64_TO_32_BIT_CONVERSION = YES;
				GCC_WARN_ABOUT_RETURN_TYPE = YES_ERROR;
				GCC_WARN_UNDECLARED_SELECTOR = YES;
				GCC_WARN_UNINITIALIZED_AUTOS = YES_AGGRESSIVE;
				GCC_WARN_UNUSED_FUNCTION = YES;
				GCC_WARN_UNUSED_VARIABLE = YES;
				IPHONEOS_DEPLOYMENT_TARGET = 16.4;
				MTL_ENABLE_DEBUG_INFO = NO;
				MTL_FAST_MATH = YES;
				SDKROOT = iphoneos;
				SWIFT_COMPILATION_MODE = wholemodule;
				SWIFT_OPTIMIZATION_LEVEL = "-O";
				VALIDATE_PRODUCT = YES;
			};
			name = Release;
		};
		48DA9E042A0F6DFF00C9AE4A /* Debug */ = {
			isa = XCBuildConfiguration;
			baseConfigurationReference = 9DEF0F9EAC2F0CDE3C676532 /* Pods-5th.debug.xcconfig */;
			buildSettings = {
				ASSETCATALOG_COMPILER_APPICON_NAME = AppIcon;
				ASSETCATALOG_COMPILER_GLOBAL_ACCENT_COLOR_NAME = AccentColor;
				CODE_SIGN_STYLE = Automatic;
				CURRENT_PROJECT_VERSION = 1;
				GENERATE_INFOPLIST_FILE = YES;
				INFOPLIST_FILE = 5th/Info.plist;
				INFOPLIST_KEY_UIApplicationSupportsIndirectInputEvents = YES;
				INFOPLIST_KEY_UILaunchStoryboardName = LaunchScreen;
				INFOPLIST_KEY_UIMainStoryboardFile = Main;
				INFOPLIST_KEY_UISupportedInterfaceOrientations_iPad = "UIInterfaceOrientationPortrait UIInterfaceOrientationPortraitUpsideDown UIInterfaceOrientationLandscapeLeft UIInterfaceOrientationLandscapeRight";
				INFOPLIST_KEY_UISupportedInterfaceOrientations_iPhone = "UIInterfaceOrientationPortrait UIInterfaceOrientationLandscapeLeft UIInterfaceOrientationLandscapeRight";
				LD_RUNPATH_SEARCH_PATHS = (
					"$(inherited)",
					"@executable_path/Frameworks",
				);
				MARKETING_VERSION = 1.0;
				PRODUCT_BUNDLE_IDENTIFIER = "study.-th";
				PRODUCT_NAME = "$(TARGET_NAME)";
				SWIFT_EMIT_LOC_STRINGS = YES;
				SWIFT_VERSION = 5.0;
				TARGETED_DEVICE_FAMILY = "1,2";
			};
			name = Debug;
		};
		48DA9E052A0F6DFF00C9AE4A /* Release */ = {
			isa = XCBuildConfiguration;
			baseConfigurationReference = 161689DAFD6075AA6F238E2B /* Pods-5th.release.xcconfig */;
			buildSettings = {
				ASSETCATALOG_COMPILER_APPICON_NAME = AppIcon;
				ASSETCATALOG_COMPILER_GLOBAL_ACCENT_COLOR_NAME = AccentColor;
				CODE_SIGN_STYLE = Automatic;
				CURRENT_PROJECT_VERSION = 1;
				GENERATE_INFOPLIST_FILE = YES;
				INFOPLIST_FILE = 5th/Info.plist;
				INFOPLIST_KEY_UIApplicationSupportsIndirectInputEvents = YES;
				INFOPLIST_KEY_UILaunchStoryboardName = LaunchScreen;
				INFOPLIST_KEY_UIMainStoryboardFile = Main;
				INFOPLIST_KEY_UISupportedInterfaceOrientations_iPad = "UIInterfaceOrientationPortrait UIInterfaceOrientationPortraitUpsideDown UIInterfaceOrientationLandscapeLeft UIInterfaceOrientationLandscapeRight";
				INFOPLIST_KEY_UISupportedInterfaceOrientations_iPhone = "UIInterfaceOrientationPortrait UIInterfaceOrientationLandscapeLeft UIInterfaceOrientationLandscapeRight";
				LD_RUNPATH_SEARCH_PATHS = (
					"$(inherited)",
					"@executable_path/Frameworks",
				);
				MARKETING_VERSION = 1.0;
				PRODUCT_BUNDLE_IDENTIFIER = "study.-th";
				PRODUCT_NAME = "$(TARGET_NAME)";
				SWIFT_EMIT_LOC_STRINGS = YES;
				SWIFT_VERSION = 5.0;
				TARGETED_DEVICE_FAMILY = "1,2";
			};
			name = Release;
		};
/* End XCBuildConfiguration section */

/* Begin XCConfigurationList section */
		48DA9DEA2A0F6DFD00C9AE4A /* Build configuration list for PBXProject "5th" */ = {
			isa = XCConfigurationList;
			buildConfigurations = (
				48DA9E012A0F6DFF00C9AE4A /* Debug */,
				48DA9E022A0F6DFF00C9AE4A /* Release */,
			);
			defaultConfigurationIsVisible = 0;
			defaultConfigurationName = Release;
		};
		48DA9E032A0F6DFF00C9AE4A /* Build configuration list for PBXNativeTarget "5th" */ = {
			isa = XCConfigurationList;
			buildConfigurations = (
				48DA9E042A0F6DFF00C9AE4A /* Debug */,
				48DA9E052A0F6DFF00C9AE4A /* Release */,
			);
			defaultConfigurationIsVisible = 0;
			defaultConfigurationName = Release;
		};
/* End XCConfigurationList section */
	};
	rootObject = 48DA9DE72A0F6DFD00C9AE4A /* Project object */;
}
